
Microsoft Visual Studio Solution File, Format Version 12.00
# Visual Studio Version 16
VisualStudioVersion = 16.0.29609.76
MinimumVisualStudioVersion = 10.0.40219.1
Project("{FAE04EC0-301F-11D3-BF4B-00C04F79EFBC}") = "ProgramacaoOrientadoObjetos", "ProgramacaoOrientadoObjetos\ProgramacaoOrientadoObjetos.csproj", "{CA537846-D1A4-4C5F-9B63-A7B9BE066A9E}"
EndProject
Global
	GlobalSection(SolutionConfigurationPlatforms) = preSolution
		Debug|Any CPU = Debug|Any CPU
		Release|Any CPU = Release|Any CPU
	EndGlobalSection
	GlobalSection(ProjectConfigurationPlatforms) = postSolution
		{CA537846-D1A4-4C5F-9B63-A7B9BE066A9E}.Debug|Any CPU.ActiveCfg = Debug|Any CPU
		{CA537846-D1A4-4C5F-9B63-A7B9BE066A9E}.Debug|Any CPU.Build.0 = Debug|Any CPU
		{CA537846-D1A4-4C5F-9B63-A7B9BE066A9E}.Release|Any CPU.ActiveCfg = Release|Any CPU
		{CA537846-D1A4-4C5F-9B63-A7B9BE066A9E}.Release|Any CPU.Build.0 = Release|Any CPU
	EndGlobalSection
	GlobalSection(SolutionProperties) = preSolution
		HideSolutionNode = FALSE
	EndGlobalSection
	GlobalSection(ExtensibilityGlobals) = postSolution
		SolutionGuid = {CC0E0C2F-E4F2-41E7-B85C-CDAC20778B21}
	EndGlobalSection
EndGlobal
